
Microsoft Visual Studio Solution File, Format Version 12.00
# Visual Studio Version 16
VisualStudioVersion = 16.0.30804.86
MinimumVisualStudioVersion = 10.0.40219.1
Project("{FAE04EC0-301F-11D3-BF4B-00C04F79EFBC}") = "MVC_Israel", "MVC_Israel\MVC_Israel.csproj", "{F41FD957-F4EE-42BD-B028-F9F66E6C111D}"
EndProject
Global
	GlobalSection(SolutionConfigurationPlatforms) = preSolution
		Debug|Any CPU = Debug|Any CPU
		Release|Any CPU = Release|Any CPU
	EndGlobalSection
	GlobalSection(ProjectConfigurationPlatforms) = postSolution
		{F41FD957-F4EE-42BD-B028-F9F66E6C111D}.Debug|Any CPU.ActiveCfg = Debug|Any CPU
		{F41FD957-F4EE-42BD-B028-F9F66E6C111D}.Debug|Any CPU.Build.0 = Debug|Any CPU
		{F41FD957-F4EE-42BD-B028-F9F66E6C111D}.Release|Any CPU.ActiveCfg = Release|Any CPU
		{F41FD957-F4EE-42BD-B028-F9F66E6C111D}.Release|Any CPU.Build.0 = Release|Any CPU
	EndGlobalSection
	GlobalSection(SolutionProperties) = preSolution
		HideSolutionNode = FALSE
	EndGlobalSection
	GlobalSection(ExtensibilityGlobals) = postSolution
		SolutionGuid = {752754F1-B057-46E9-9EE3-D67D97CF86F5}
	EndGlobalSection
EndGlobal
