
Microsoft Visual Studio Solution File, Format Version 12.00
# Visual Studio Version 16
VisualStudioVersion = 16.0.30907.101
MinimumVisualStudioVersion = 10.0.40219.1
Project("{FAE04EC0-301F-11D3-BF4B-00C04F79EFBC}") = "Part01_Label", "Part01\Part01_Label.csproj", "{B96C8FAC-2A82-4166-AF7D-E38A84C9DFA4}"
EndProject
Project("{FAE04EC0-301F-11D3-BF4B-00C04F79EFBC}") = "Part02_Button", "Part02\Part02_Button.csproj", "{2D4C8914-DF1A-4073-A54C-AFCAA2014F2C}"
EndProject
Project("{FAE04EC0-301F-11D3-BF4B-00C04F79EFBC}") = "Part03_TexBox", "Part03\Part03_TexBox.csproj", "{FA004BF3-DD9C-4D92-A0BA-73313FADBC89}"
EndProject
Project("{FAE04EC0-301F-11D3-BF4B-00C04F79EFBC}") = "Part04_ListBox", "Part04\Part04_ListBox.csproj", "{2058C2E1-9DD7-423F-9FA2-69BFF3FE6C1E}"
EndProject
Project("{FAE04EC0-301F-11D3-BF4B-00C04F79EFBC}") = "Part05_CheckBox", "Part05\Part05_CheckBox.csproj", "{7AAED7CB-76D6-4101-97D4-A2922F0BBA52}"
EndProject
Project("{FAE04EC0-301F-11D3-BF4B-00C04F79EFBC}") = "Part06_CheckedListBox", "Part06\Part06_CheckedListBox.csproj", "{BCF0FBA2-5668-44DA-A3F8-775869C8DB9B}"
EndProject
Project("{FAE04EC0-301F-11D3-BF4B-00C04F79EFBC}") = "Part07_ComboBox", "Part07\Part07_ComboBox.csproj", "{9105657A-EE5A-401D-AA55-014B6FD1BE9A}"
EndProject
Project("{FAE04EC0-301F-11D3-BF4B-00C04F79EFBC}") = "Part08_DateTimePicker", "Part08\Part08_DateTimePicker.csproj", "{F2E3CF8C-4330-4437-98D3-7C145DA3941E}"
EndProject
Project("{FAE04EC0-301F-11D3-BF4B-00C04F79EFBC}") = "Part09_LinkLabel", "Part09\Part09_LinkLabel.csproj", "{975A43E5-49E1-4ABE-93A6-99897346EE0C}"
EndProject
Project("{FAE04EC0-301F-11D3-BF4B-00C04F79EFBC}") = "Part10_ListView", "Part10\Part10_ListView.csproj", "{FCF33DCB-40E9-4D5A-9E04-3D15B2C7E64A}"
EndProject
Project("{FAE04EC0-301F-11D3-BF4B-00C04F79EFBC}") = "Part11_MaskedTextBox", "Part011\Part11_MaskedTextBox.csproj", "{75EB37AD-A6FB-401F-91FA-CB5A1566E8B0}"
EndProject
Project("{FAE04EC0-301F-11D3-BF4B-00C04F79EFBC}") = "Part12_MonthCalendar", "Part12\Part12_MonthCalendar.csproj", "{6E1901D2-4424-4E40-95E4-76FFA2DFAC1B}"
EndProject
Project("{FAE04EC0-301F-11D3-BF4B-00C04F79EFBC}") = "Part13_NumericUpDown", "Part13\Part13_NumericUpDown.csproj", "{BC586310-31C3-428F-80AD-BAC177D4BE3B}"
EndProject
Project("{FAE04EC0-301F-11D3-BF4B-00C04F79EFBC}") = "Part14_PictureBox", "Part14\Part14_PictureBox.csproj", "{0C89D277-B89B-42C9-8F6E-C28E46B68C30}"
EndProject
Project("{FAE04EC0-301F-11D3-BF4B-00C04F79EFBC}") = "Part15_ProgressBar", "Part15\Part15_ProgressBar.csproj", "{5F2D2A86-2E60-43DD-980D-1C7BCF4B41EF}"
EndProject
Project("{FAE04EC0-301F-11D3-BF4B-00C04F79EFBC}") = "Part16_RadioButton", "Part16\Part16_RadioButton.csproj", "{1E43A04A-B54C-4BB2-8E2C-858CD41051A9}"
EndProject
Project("{FAE04EC0-301F-11D3-BF4B-00C04F79EFBC}") = "Part17_RichTextBox", "Part17\Part17_RichTextBox.csproj", "{CBE383EC-D4B8-4A99-8837-409886F5E9DD}"
EndProject
Project("{FAE04EC0-301F-11D3-BF4B-00C04F79EFBC}") = "Part18_ToolTip", "Part18\Part18_ToolTip.csproj", "{CF3E103C-7FB3-4E28-A204-73A4C39DF0B7}"
EndProject
Project("{FAE04EC0-301F-11D3-BF4B-00C04F79EFBC}") = "Part19_TreeView", "Part19\Part19_TreeView.csproj", "{4F066E53-0C37-45C0-B735-95291F6F3A73}"
EndProject
Project("{FAE04EC0-301F-11D3-BF4B-00C04F79EFBC}") = "Part20_WebBrowser", "Part20\Part20_WebBrowser.csproj", "{92D3A834-4B92-45FD-981A-FFAC68047C97}"
EndProject
Project("{FAE04EC0-301F-11D3-BF4B-00C04F79EFBC}") = "Part21_Panel", "Part21\Part21_Panel.csproj", "{65B475B2-FF41-4427-88A8-5214F11E98FF}"
EndProject
Project("{FAE04EC0-301F-11D3-BF4B-00C04F79EFBC}") = "Part22_FlowLayoutPanel", "Part22\Part22_FlowLayoutPanel.csproj", "{2970DB5C-0D44-4F9A-A6D8-1C7281FA0E66}"
EndProject
Project("{FAE04EC0-301F-11D3-BF4B-00C04F79EFBC}") = "Part23_GroupBox", "Part23\Part23_GroupBox.csproj", "{AA10DF8C-B0EB-41B3-B428-88357AE3ED16}"
EndProject
Project("{FAE04EC0-301F-11D3-BF4B-00C04F79EFBC}") = "Part24_SplitContainer", "Part24\Part24_SplitContainer.csproj", "{E6DC2D67-8BD8-487C-85B3-E6D9EFFF7C92}"
EndProject
Project("{FAE04EC0-301F-11D3-BF4B-00C04F79EFBC}") = "Part25_TabControl", "Part25_TabControl\Part25_TabControl.csproj", "{AED3E753-7297-4545-BDA9-EE973F9E23B0}"
EndProject
Project("{FAE04EC0-301F-11D3-BF4B-00C04F79EFBC}") = "Part26_TableLayoutPanel", "Part26_TableLayoutPanel\Part26_TableLayoutPanel.csproj", "{828DD7E2-2C70-443E-BD2F-0B3858596082}"
EndProject
Project("{FAE04EC0-301F-11D3-BF4B-00C04F79EFBC}") = "Part27_ContextMenuStrip", "Part27_ContextMenuStrip\Part27_ContextMenuStrip.csproj", "{BB35D38E-5858-4416-AB83-35ABD90E923C}"
EndProject
Project("{FAE04EC0-301F-11D3-BF4B-00C04F79EFBC}") = "Part28_MenuStrip", "Part28_MenuStrip\Part28_MenuStrip.csproj", "{E65E9206-B9A6-49CD-85D3-1E43A3DF7D1D}"
EndProject
Project("{FAE04EC0-301F-11D3-BF4B-00C04F79EFBC}") = "Part29_StatusStrip", "Part29_StatusStrip\Part29_StatusStrip.csproj", "{9D40CA41-E274-41D0-8D74-661EBC567B06}"
EndProject
Project("{FAE04EC0-301F-11D3-BF4B-00C04F79EFBC}") = "Part30_ToolStrip", "Part30_ToolStrip\Part30_ToolStrip.csproj", "{5F3D9B66-203F-48FC-97FF-542520A77F9E}"
EndProject
Project("{FAE04EC0-301F-11D3-BF4B-00C04F79EFBC}") = "Part31_ToolStripContainer", "Part31_ToolStripContainer\Part31_ToolStripContainer.csproj", "{7D7A31D2-7EFD-4610-83D2-431F0A2C24E8}"
EndProject
Project("{FAE04EC0-301F-11D3-BF4B-00C04F79EFBC}") = "Part32_BlackGroundWorker", "Part32_BlackGroundWorker\Part32_BlackGroundWorker.csproj", "{0182FE47-987B-4F59-9E46-A88DD9EFC532}"
EndProject
Project("{FAE04EC0-301F-11D3-BF4B-00C04F79EFBC}") = "Part33_Timer", "Part33_Timer\Part33_Timer.csproj", "{181F7666-AE10-4799-A455-73C1BA285732}"
EndProject
Project("{FAE04EC0-301F-11D3-BF4B-00C04F79EFBC}") = "Part34_PageSetupDialog", "Part34_PageSetupDialog\Part34_PageSetupDialog.csproj", "{7DF1D0D9-4A26-49C3-88EF-90E037E736B8}"
EndProject
Project("{FAE04EC0-301F-11D3-BF4B-00C04F79EFBC}") = "Part35_PrintDialog", "Part35_PrintDialog\Part35_PrintDialog.csproj", "{1B36C4B9-DBC2-4C9F-8E98-6334F8FB73D4}"
EndProject
Project("{FAE04EC0-301F-11D3-BF4B-00C04F79EFBC}") = "Part36_PrintDocument", "Part36_PrintDocument\Part36_PrintDocument.csproj", "{B3E78088-ABA4-4542-B4D8-24F580679CDD}"
EndProject
Project("{FAE04EC0-301F-11D3-BF4B-00C04F79EFBC}") = "Part37_PrintPreviewControl", "Part37_PrintPreviewControl\Part37_PrintPreviewControl.csproj", "{19CC2EF2-FF77-4E30-BE80-6982322CF998}"
EndProject
Project("{FAE04EC0-301F-11D3-BF4B-00C04F79EFBC}") = "Part38_PrintPreviewDialog", "PrintPreviewDialog\Part38_PrintPreviewDialog.csproj", "{FE00420D-4B33-4E3A-97EB-4A0695DD8E4B}"
EndProject
Project("{FAE04EC0-301F-11D3-BF4B-00C04F79EFBC}") = "Part39_ColorDialog", "Part39_ColorDialog\Part39_ColorDialog.csproj", "{229199DB-46DB-4D2A-8F46-0F1002199BCC}"
EndProject
Project("{FAE04EC0-301F-11D3-BF4B-00C04F79EFBC}") = "Part40_FolderBrowserDialog", "Part40_FolderBrowserDialog\Part40_FolderBrowserDialog.csproj", "{5E63092D-AE0C-4EC7-8302-14104DDC4AC6}"
EndProject
Project("{FAE04EC0-301F-11D3-BF4B-00C04F79EFBC}") = "Part41_FontDialog", "Part42_FontDialog\Part41_FontDialog.csproj", "{CCE7696A-0274-4990-B4E5-A31CA544FD20}"
EndProject
Project("{FAE04EC0-301F-11D3-BF4B-00C04F79EFBC}") = "Part42_OpenFileDialog", "Part42_OpenFileDialog\Part42_OpenFileDialog.csproj", "{038C566F-D96D-4453-A354-20EC19626E85}"
EndProject
Project("{FAE04EC0-301F-11D3-BF4B-00C04F79EFBC}") = "Part43_SaveFileDialog", "Part43_SaveFileDialog\Part43_SaveFileDialog.csproj", "{4961D0E2-E403-40CC-9CC4-EC48A84ED4B3}"
EndProject
Global
	GlobalSection(SolutionConfigurationPlatforms) = preSolution
		Debug|Any CPU = Debug|Any CPU
		Release|Any CPU = Release|Any CPU
	EndGlobalSection
	GlobalSection(ProjectConfigurationPlatforms) = postSolution
		{B96C8FAC-2A82-4166-AF7D-E38A84C9DFA4}.Debug|Any CPU.ActiveCfg = Debug|Any CPU
		{B96C8FAC-2A82-4166-AF7D-E38A84C9DFA4}.Debug|Any CPU.Build.0 = Debug|Any CPU
		{B96C8FAC-2A82-4166-AF7D-E38A84C9DFA4}.Release|Any CPU.ActiveCfg = Release|Any CPU
		{B96C8FAC-2A82-4166-AF7D-E38A84C9DFA4}.Release|Any CPU.Build.0 = Release|Any CPU
		{2D4C8914-DF1A-4073-A54C-AFCAA2014F2C}.Debug|Any CPU.ActiveCfg = Debug|Any CPU
		{2D4C8914-DF1A-4073-A54C-AFCAA2014F2C}.Debug|Any CPU.Build.0 = Debug|Any CPU
		{2D4C8914-DF1A-4073-A54C-AFCAA2014F2C}.Release|Any CPU.ActiveCfg = Release|Any CPU
		{2D4C8914-DF1A-4073-A54C-AFCAA2014F2C}.Release|Any CPU.Build.0 = Release|Any CPU
		{FA004BF3-DD9C-4D92-A0BA-73313FADBC89}.Debug|Any CPU.ActiveCfg = Debug|Any CPU
		{FA004BF3-DD9C-4D92-A0BA-73313FADBC89}.Debug|Any CPU.Build.0 = Debug|Any CPU
		{FA004BF3-DD9C-4D92-A0BA-73313FADBC89}.Release|Any CPU.ActiveCfg = Release|Any CPU
		{FA004BF3-DD9C-4D92-A0BA-73313FADBC89}.Release|Any CPU.Build.0 = Release|Any CPU
		{2058C2E1-9DD7-423F-9FA2-69BFF3FE6C1E}.Debug|Any CPU.ActiveCfg = Debug|Any CPU
		{2058C2E1-9DD7-423F-9FA2-69BFF3FE6C1E}.Debug|Any CPU.Build.0 = Debug|Any CPU
		{2058C2E1-9DD7-423F-9FA2-69BFF3FE6C1E}.Release|Any CPU.ActiveCfg = Release|Any CPU
		{2058C2E1-9DD7-423F-9FA2-69BFF3FE6C1E}.Release|Any CPU.Build.0 = Release|Any CPU
		{7AAED7CB-76D6-4101-97D4-A2922F0BBA52}.Debug|Any CPU.ActiveCfg = Debug|Any CPU
		{7AAED7CB-76D6-4101-97D4-A2922F0BBA52}.Debug|Any CPU.Build.0 = Debug|Any CPU
		{7AAED7CB-76D6-4101-97D4-A2922F0BBA52}.Release|Any CPU.ActiveCfg = Release|Any CPU
		{7AAED7CB-76D6-4101-97D4-A2922F0BBA52}.Release|Any CPU.Build.0 = Release|Any CPU
		{BCF0FBA2-5668-44DA-A3F8-775869C8DB9B}.Debug|Any CPU.ActiveCfg = Debug|Any CPU
		{BCF0FBA2-5668-44DA-A3F8-775869C8DB9B}.Debug|Any CPU.Build.0 = Debug|Any CPU
		{BCF0FBA2-5668-44DA-A3F8-775869C8DB9B}.Release|Any CPU.ActiveCfg = Release|Any CPU
		{BCF0FBA2-5668-44DA-A3F8-775869C8DB9B}.Release|Any CPU.Build.0 = Release|Any CPU
		{9105657A-EE5A-401D-AA55-014B6FD1BE9A}.Debug|Any CPU.ActiveCfg = Debug|Any CPU
		{9105657A-EE5A-401D-AA55-014B6FD1BE9A}.Debug|Any CPU.Build.0 = Debug|Any CPU
		{9105657A-EE5A-401D-AA55-014B6FD1BE9A}.Release|Any CPU.ActiveCfg = Release|Any CPU
		{9105657A-EE5A-401D-AA55-014B6FD1BE9A}.Release|Any CPU.Build.0 = Release|Any CPU
		{F2E3CF8C-4330-4437-98D3-7C145DA3941E}.Debug|Any CPU.ActiveCfg = Debug|Any CPU
		{F2E3CF8C-4330-4437-98D3-7C145DA3941E}.Debug|Any CPU.Build.0 = Debug|Any CPU
		{F2E3CF8C-4330-4437-98D3-7C145DA3941E}.Release|Any CPU.ActiveCfg = Release|Any CPU
		{F2E3CF8C-4330-4437-98D3-7C145DA3941E}.Release|Any CPU.Build.0 = Release|Any CPU
		{975A43E5-49E1-4ABE-93A6-99897346EE0C}.Debug|Any CPU.ActiveCfg = Debug|Any CPU
		{975A43E5-49E1-4ABE-93A6-99897346EE0C}.Debug|Any CPU.Build.0 = Debug|Any CPU
		{975A43E5-49E1-4ABE-93A6-99897346EE0C}.Release|Any CPU.ActiveCfg = Release|Any CPU
		{975A43E5-49E1-4ABE-93A6-99897346EE0C}.Release|Any CPU.Build.0 = Release|Any CPU
		{FCF33DCB-40E9-4D5A-9E04-3D15B2C7E64A}.Debug|Any CPU.ActiveCfg = Debug|Any CPU
		{FCF33DCB-40E9-4D5A-9E04-3D15B2C7E64A}.Debug|Any CPU.Build.0 = Debug|Any CPU
		{FCF33DCB-40E9-4D5A-9E04-3D15B2C7E64A}.Release|Any CPU.ActiveCfg = Release|Any CPU
		{FCF33DCB-40E9-4D5A-9E04-3D15B2C7E64A}.Release|Any CPU.Build.0 = Release|Any CPU
		{75EB37AD-A6FB-401F-91FA-CB5A1566E8B0}.Debug|Any CPU.ActiveCfg = Debug|Any CPU
		{75EB37AD-A6FB-401F-91FA-CB5A1566E8B0}.Debug|Any CPU.Build.0 = Debug|Any CPU
		{75EB37AD-A6FB-401F-91FA-CB5A1566E8B0}.Release|Any CPU.ActiveCfg = Release|Any CPU
		{75EB37AD-A6FB-401F-91FA-CB5A1566E8B0}.Release|Any CPU.Build.0 = Release|Any CPU
		{6E1901D2-4424-4E40-95E4-76FFA2DFAC1B}.Debug|Any CPU.ActiveCfg = Debug|Any CPU
		{6E1901D2-4424-4E40-95E4-76FFA2DFAC1B}.Debug|Any CPU.Build.0 = Debug|Any CPU
		{6E1901D2-4424-4E40-95E4-76FFA2DFAC1B}.Release|Any CPU.ActiveCfg = Release|Any CPU
		{6E1901D2-4424-4E40-95E4-76FFA2DFAC1B}.Release|Any CPU.Build.0 = Release|Any CPU
		{BC586310-31C3-428F-80AD-BAC177D4BE3B}.Debug|Any CPU.ActiveCfg = Debug|Any CPU
		{BC586310-31C3-428F-80AD-BAC177D4BE3B}.Debug|Any CPU.Build.0 = Debug|Any CPU
		{BC586310-31C3-428F-80AD-BAC177D4BE3B}.Release|Any CPU.ActiveCfg = Release|Any CPU
		{BC586310-31C3-428F-80AD-BAC177D4BE3B}.Release|Any CPU.Build.0 = Release|Any CPU
		{0C89D277-B89B-42C9-8F6E-C28E46B68C30}.Debug|Any CPU.ActiveCfg = Debug|Any CPU
		{0C89D277-B89B-42C9-8F6E-C28E46B68C30}.Debug|Any CPU.Build.0 = Debug|Any CPU
		{0C89D277-B89B-42C9-8F6E-C28E46B68C30}.Release|Any CPU.ActiveCfg = Release|Any CPU
		{0C89D277-B89B-42C9-8F6E-C28E46B68C30}.Release|Any CPU.Build.0 = Release|Any CPU
		{5F2D2A86-2E60-43DD-980D-1C7BCF4B41EF}.Debug|Any CPU.ActiveCfg = Debug|Any CPU
		{5F2D2A86-2E60-43DD-980D-1C7BCF4B41EF}.Debug|Any CPU.Build.0 = Debug|Any CPU
		{5F2D2A86-2E60-43DD-980D-1C7BCF4B41EF}.Release|Any CPU.ActiveCfg = Release|Any CPU
		{5F2D2A86-2E60-43DD-980D-1C7BCF4B41EF}.Release|Any CPU.Build.0 = Release|Any CPU
		{1E43A04A-B54C-4BB2-8E2C-858CD41051A9}.Debug|Any CPU.ActiveCfg = Debug|Any CPU
		{1E43A04A-B54C-4BB2-8E2C-858CD41051A9}.Debug|Any CPU.Build.0 = Debug|Any CPU
		{1E43A04A-B54C-4BB2-8E2C-858CD41051A9}.Release|Any CPU.ActiveCfg = Release|Any CPU
		{1E43A04A-B54C-4BB2-8E2C-858CD41051A9}.Release|Any CPU.Build.0 = Release|Any CPU
		{CBE383EC-D4B8-4A99-8837-409886F5E9DD}.Debug|Any CPU.ActiveCfg = Debug|Any CPU
		{CBE383EC-D4B8-4A99-8837-409886F5E9DD}.Debug|Any CPU.Build.0 = Debug|Any CPU
		{CBE383EC-D4B8-4A99-8837-409886F5E9DD}.Release|Any CPU.ActiveCfg = Release|Any CPU
		{CBE383EC-D4B8-4A99-8837-409886F5E9DD}.Release|Any CPU.Build.0 = Release|Any CPU
		{CF3E103C-7FB3-4E28-A204-73A4C39DF0B7}.Debug|Any CPU.ActiveCfg = Debug|Any CPU
		{CF3E103C-7FB3-4E28-A204-73A4C39DF0B7}.Debug|Any CPU.Build.0 = Debug|Any CPU
		{CF3E103C-7FB3-4E28-A204-73A4C39DF0B7}.Release|Any CPU.ActiveCfg = Release|Any CPU
		{CF3E103C-7FB3-4E28-A204-73A4C39DF0B7}.Release|Any CPU.Build.0 = Release|Any CPU
		{4F066E53-0C37-45C0-B735-95291F6F3A73}.Debug|Any CPU.ActiveCfg = Debug|Any CPU
		{4F066E53-0C37-45C0-B735-95291F6F3A73}.Debug|Any CPU.Build.0 = Debug|Any CPU
		{4F066E53-0C37-45C0-B735-95291F6F3A73}.Release|Any CPU.ActiveCfg = Release|Any CPU
		{4F066E53-0C37-45C0-B735-95291F6F3A73}.Release|Any CPU.Build.0 = Release|Any CPU
		{92D3A834-4B92-45FD-981A-FFAC68047C97}.Debug|Any CPU.ActiveCfg = Debug|Any CPU
		{92D3A834-4B92-45FD-981A-FFAC68047C97}.Debug|Any CPU.Build.0 = Debug|Any CPU
		{92D3A834-4B92-45FD-981A-FFAC68047C97}.Release|Any CPU.ActiveCfg = Release|Any CPU
		{92D3A834-4B92-45FD-981A-FFAC68047C97}.Release|Any CPU.Build.0 = Release|Any CPU
		{65B475B2-FF41-4427-88A8-5214F11E98FF}.Debug|Any CPU.ActiveCfg = Debug|Any CPU
		{65B475B2-FF41-4427-88A8-5214F11E98FF}.Debug|Any CPU.Build.0 = Debug|Any CPU
		{65B475B2-FF41-4427-88A8-5214F11E98FF}.Release|Any CPU.ActiveCfg = Release|Any CPU
		{65B475B2-FF41-4427-88A8-5214F11E98FF}.Release|Any CPU.Build.0 = Release|Any CPU
		{2970DB5C-0D44-4F9A-A6D8-1C7281FA0E66}.Debug|Any CPU.ActiveCfg = Debug|Any CPU
		{2970DB5C-0D44-4F9A-A6D8-1C7281FA0E66}.Debug|Any CPU.Build.0 = Debug|Any CPU
		{2970DB5C-0D44-4F9A-A6D8-1C7281FA0E66}.Release|Any CPU.ActiveCfg = Release|Any CPU
		{2970DB5C-0D44-4F9A-A6D8-1C7281FA0E66}.Release|Any CPU.Build.0 = Release|Any CPU
		{AA10DF8C-B0EB-41B3-B428-88357AE3ED16}.Debug|Any CPU.ActiveCfg = Debug|Any CPU
		{AA10DF8C-B0EB-41B3-B428-88357AE3ED16}.Debug|Any CPU.Build.0 = Debug|Any CPU
		{AA10DF8C-B0EB-41B3-B428-88357AE3ED16}.Release|Any CPU.ActiveCfg = Release|Any CPU
		{AA10DF8C-B0EB-41B3-B428-88357AE3ED16}.Release|Any CPU.Build.0 = Release|Any CPU
		{E6DC2D67-8BD8-487C-85B3-E6D9EFFF7C92}.Debug|Any CPU.ActiveCfg = Debug|Any CPU
		{E6DC2D67-8BD8-487C-85B3-E6D9EFFF7C92}.Debug|Any CPU.Build.0 = Debug|Any CPU
		{E6DC2D67-8BD8-487C-85B3-E6D9EFFF7C92}.Release|Any CPU.ActiveCfg = Release|Any CPU
		{E6DC2D67-8BD8-487C-85B3-E6D9EFFF7C92}.Release|Any CPU.Build.0 = Release|Any CPU
		{AED3E753-7297-4545-BDA9-EE973F9E23B0}.Debug|Any CPU.ActiveCfg = Debug|Any CPU
		{AED3E753-7297-4545-BDA9-EE973F9E23B0}.Debug|Any CPU.Build.0 = Debug|Any CPU
		{AED3E753-7297-4545-BDA9-EE973F9E23B0}.Release|Any CPU.ActiveCfg = Release|Any CPU
		{AED3E753-7297-4545-BDA9-EE973F9E23B0}.Release|Any CPU.Build.0 = Release|Any CPU
		{828DD7E2-2C70-443E-BD2F-0B3858596082}.Debug|Any CPU.ActiveCfg = Debug|Any CPU
		{828DD7E2-2C70-443E-BD2F-0B3858596082}.Debug|Any CPU.Build.0 = Debug|Any CPU
		{828DD7E2-2C70-443E-BD2F-0B3858596082}.Release|Any CPU.ActiveCfg = Release|Any CPU
		{828DD7E2-2C70-443E-BD2F-0B3858596082}.Release|Any CPU.Build.0 = Release|Any CPU
		{BB35D38E-5858-4416-AB83-35ABD90E923C}.Debug|Any CPU.ActiveCfg = Debug|Any CPU
		{BB35D38E-5858-4416-AB83-35ABD90E923C}.Debug|Any CPU.Build.0 = Debug|Any CPU
		{BB35D38E-5858-4416-AB83-35ABD90E923C}.Release|Any CPU.ActiveCfg = Release|Any CPU
		{BB35D38E-5858-4416-AB83-35ABD90E923C}.Release|Any CPU.Build.0 = Release|Any CPU
		{E65E9206-B9A6-49CD-85D3-1E43A3DF7D1D}.Debug|Any CPU.ActiveCfg = Debug|Any CPU
		{E65E9206-B9A6-49CD-85D3-1E43A3DF7D1D}.Debug|Any CPU.Build.0 = Debug|Any CPU
		{E65E9206-B9A6-49CD-85D3-1E43A3DF7D1D}.Release|Any CPU.ActiveCfg = Release|Any CPU
		{E65E9206-B9A6-49CD-85D3-1E43A3DF7D1D}.Release|Any CPU.Build.0 = Release|Any CPU
		{9D40CA41-E274-41D0-8D74-661EBC567B06}.Debug|Any CPU.ActiveCfg = Debug|Any CPU
		{9D40CA41-E274-41D0-8D74-661EBC567B06}.Debug|Any CPU.Build.0 = Debug|Any CPU
		{9D40CA41-E274-41D0-8D74-661EBC567B06}.Release|Any CPU.ActiveCfg = Release|Any CPU
		{9D40CA41-E274-41D0-8D74-661EBC567B06}.Release|Any CPU.Build.0 = Release|Any CPU
		{5F3D9B66-203F-48FC-97FF-542520A77F9E}.Debug|Any CPU.ActiveCfg = Debug|Any CPU
		{5F3D9B66-203F-48FC-97FF-542520A77F9E}.Debug|Any CPU.Build.0 = Debug|Any CPU
		{5F3D9B66-203F-48FC-97FF-542520A77F9E}.Release|Any CPU.ActiveCfg = Release|Any CPU
		{5F3D9B66-203F-48FC-97FF-542520A77F9E}.Release|Any CPU.Build.0 = Release|Any CPU
		{7D7A31D2-7EFD-4610-83D2-431F0A2C24E8}.Debug|Any CPU.ActiveCfg = Debug|Any CPU
		{7D7A31D2-7EFD-4610-83D2-431F0A2C24E8}.Debug|Any CPU.Build.0 = Debug|Any CPU
		{7D7A31D2-7EFD-4610-83D2-431F0A2C24E8}.Release|Any CPU.ActiveCfg = Release|Any CPU
		{7D7A31D2-7EFD-4610-83D2-431F0A2C24E8}.Release|Any CPU.Build.0 = Release|Any CPU
		{0182FE47-987B-4F59-9E46-A88DD9EFC532}.Debug|Any CPU.ActiveCfg = Debug|Any CPU
		{0182FE47-987B-4F59-9E46-A88DD9EFC532}.Debug|Any CPU.Build.0 = Debug|Any CPU
		{0182FE47-987B-4F59-9E46-A88DD9EFC532}.Release|Any CPU.ActiveCfg = Release|Any CPU
		{0182FE47-987B-4F59-9E46-A88DD9EFC532}.Release|Any CPU.Build.0 = Release|Any CPU
		{181F7666-AE10-4799-A455-73C1BA285732}.Debug|Any CPU.ActiveCfg = Debug|Any CPU
		{181F7666-AE10-4799-A455-73C1BA285732}.Debug|Any CPU.Build.0 = Debug|Any CPU
		{181F7666-AE10-4799-A455-73C1BA285732}.Release|Any CPU.ActiveCfg = Release|Any CPU
		{181F7666-AE10-4799-A455-73C1BA285732}.Release|Any CPU.Build.0 = Release|Any CPU
		{7DF1D0D9-4A26-49C3-88EF-90E037E736B8}.Debug|Any CPU.ActiveCfg = Debug|Any CPU
		{7DF1D0D9-4A26-49C3-88EF-90E037E736B8}.Debug|Any CPU.Build.0 = Debug|Any CPU
		{7DF1D0D9-4A26-49C3-88EF-90E037E736B8}.Release|Any CPU.ActiveCfg = Release|Any CPU
		{7DF1D0D9-4A26-49C3-88EF-90E037E736B8}.Release|Any CPU.Build.0 = Release|Any CPU
		{1B36C4B9-DBC2-4C9F-8E98-6334F8FB73D4}.Debug|Any CPU.ActiveCfg = Debug|Any CPU
		{1B36C4B9-DBC2-4C9F-8E98-6334F8FB73D4}.Debug|Any CPU.Build.0 = Debug|Any CPU
		{1B36C4B9-DBC2-4C9F-8E98-6334F8FB73D4}.Release|Any CPU.ActiveCfg = Release|Any CPU
		{1B36C4B9-DBC2-4C9F-8E98-6334F8FB73D4}.Release|Any CPU.Build.0 = Release|Any CPU
		{B3E78088-ABA4-4542-B4D8-24F580679CDD}.Debug|Any CPU.ActiveCfg = Debug|Any CPU
		{B3E78088-ABA4-4542-B4D8-24F580679CDD}.Debug|Any CPU.Build.0 = Debug|Any CPU
		{B3E78088-ABA4-4542-B4D8-24F580679CDD}.Release|Any CPU.ActiveCfg = Release|Any CPU
		{B3E78088-ABA4-4542-B4D8-24F580679CDD}.Release|Any CPU.Build.0 = Release|Any CPU
		{19CC2EF2-FF77-4E30-BE80-6982322CF998}.Debug|Any CPU.ActiveCfg = Debug|Any CPU
		{19CC2EF2-FF77-4E30-BE80-6982322CF998}.Debug|Any CPU.Build.0 = Debug|Any CPU
		{19CC2EF2-FF77-4E30-BE80-6982322CF998}.Release|Any CPU.ActiveCfg = Release|Any CPU
		{19CC2EF2-FF77-4E30-BE80-6982322CF998}.Release|Any CPU.Build.0 = Release|Any CPU
		{FE00420D-4B33-4E3A-97EB-4A0695DD8E4B}.Debug|Any CPU.ActiveCfg = Debug|Any CPU
		{FE00420D-4B33-4E3A-97EB-4A0695DD8E4B}.Debug|Any CPU.Build.0 = Debug|Any CPU
		{FE00420D-4B33-4E3A-97EB-4A0695DD8E4B}.Release|Any CPU.ActiveCfg = Release|Any CPU
		{FE00420D-4B33-4E3A-97EB-4A0695DD8E4B}.Release|Any CPU.Build.0 = Release|Any CPU
		{229199DB-46DB-4D2A-8F46-0F1002199BCC}.Debug|Any CPU.ActiveCfg = Debug|Any CPU
		{229199DB-46DB-4D2A-8F46-0F1002199BCC}.Debug|Any CPU.Build.0 = Debug|Any CPU
		{229199DB-46DB-4D2A-8F46-0F1002199BCC}.Release|Any CPU.ActiveCfg = Release|Any CPU
		{229199DB-46DB-4D2A-8F46-0F1002199BCC}.Release|Any CPU.Build.0 = Release|Any CPU
		{5E63092D-AE0C-4EC7-8302-14104DDC4AC6}.Debug|Any CPU.ActiveCfg = Debug|Any CPU
		{5E63092D-AE0C-4EC7-8302-14104DDC4AC6}.Debug|Any CPU.Build.0 = Debug|Any CPU
		{5E63092D-AE0C-4EC7-8302-14104DDC4AC6}.Release|Any CPU.ActiveCfg = Release|Any CPU
		{5E63092D-AE0C-4EC7-8302-14104DDC4AC6}.Release|Any CPU.Build.0 = Release|Any CPU
		{CCE7696A-0274-4990-B4E5-A31CA544FD20}.Debug|Any CPU.ActiveCfg = Debug|Any CPU
		{CCE7696A-0274-4990-B4E5-A31CA544FD20}.Debug|Any CPU.Build.0 = Debug|Any CPU
		{CCE7696A-0274-4990-B4E5-A31CA544FD20}.Release|Any CPU.ActiveCfg = Release|Any CPU
		{CCE7696A-0274-4990-B4E5-A31CA544FD20}.Release|Any CPU.Build.0 = Release|Any CPU
		{038C566F-D96D-4453-A354-20EC19626E85}.Debug|Any CPU.ActiveCfg = Debug|Any CPU
		{038C566F-D96D-4453-A354-20EC19626E85}.Debug|Any CPU.Build.0 = Debug|Any CPU
		{038C566F-D96D-4453-A354-20EC19626E85}.Release|Any CPU.ActiveCfg = Release|Any CPU
		{038C566F-D96D-4453-A354-20EC19626E85}.Release|Any CPU.Build.0 = Release|Any CPU
		{4961D0E2-E403-40CC-9CC4-EC48A84ED4B3}.Debug|Any CPU.ActiveCfg = Debug|Any CPU
		{4961D0E2-E403-40CC-9CC4-EC48A84ED4B3}.Debug|Any CPU.Build.0 = Debug|Any CPU
		{4961D0E2-E403-40CC-9CC4-EC48A84ED4B3}.Release|Any CPU.ActiveCfg = Release|Any CPU
		{4961D0E2-E403-40CC-9CC4-EC48A84ED4B3}.Release|Any CPU.Build.0 = Release|Any CPU
	EndGlobalSection
	GlobalSection(SolutionProperties) = preSolution
		HideSolutionNode = FALSE
	EndGlobalSection
	GlobalSection(ExtensibilityGlobals) = postSolution
		SolutionGuid = {5C2D8E1A-7532-4FA2-99E7-AEB84A15B967}
	EndGlobalSection
EndGlobal
