
Microsoft Visual Studio Solution File, Format Version 12.00
# Visual Studio Version 16
VisualStudioVersion = 16.0.30907.101
MinimumVisualStudioVersion = 10.0.40219.1
Project("{FAE04EC0-301F-11D3-BF4B-00C04F79EFBC}") = "Part01", "Part01\Part01.csproj", "{B96C8FAC-2A82-4166-AF7D-E38A84C9DFA4}"
EndProject
Project("{FAE04EC0-301F-11D3-BF4B-00C04F79EFBC}") = "Part02", "Part02\Part02.csproj", "{2D4C8914-DF1A-4073-A54C-AFCAA2014F2C}"
EndProject
Project("{FAE04EC0-301F-11D3-BF4B-00C04F79EFBC}") = "Part03", "Part03\Part03.csproj", "{FA004BF3-DD9C-4D92-A0BA-73313FADBC89}"
EndProject
Project("{FAE04EC0-301F-11D3-BF4B-00C04F79EFBC}") = "Part04", "Part04\Part04.csproj", "{2058C2E1-9DD7-423F-9FA2-69BFF3FE6C1E}"
EndProject
Project("{FAE04EC0-301F-11D3-BF4B-00C04F79EFBC}") = "Part05", "Part05\Part05.csproj", "{7AAED7CB-76D6-4101-97D4-A2922F0BBA52}"
EndProject
Project("{FAE04EC0-301F-11D3-BF4B-00C04F79EFBC}") = "Part06", "Part06\Part06.csproj", "{BCF0FBA2-5668-44DA-A3F8-775869C8DB9B}"
EndProject
Project("{FAE04EC0-301F-11D3-BF4B-00C04F79EFBC}") = "Part07", "Part07\Part07.csproj", "{9105657A-EE5A-401D-AA55-014B6FD1BE9A}"
EndProject
Global
	GlobalSection(SolutionConfigurationPlatforms) = preSolution
		Debug|Any CPU = Debug|Any CPU
		Release|Any CPU = Release|Any CPU
	EndGlobalSection
	GlobalSection(ProjectConfigurationPlatforms) = postSolution
		{B96C8FAC-2A82-4166-AF7D-E38A84C9DFA4}.Debug|Any CPU.ActiveCfg = Debug|Any CPU
		{B96C8FAC-2A82-4166-AF7D-E38A84C9DFA4}.Debug|Any CPU.Build.0 = Debug|Any CPU
		{B96C8FAC-2A82-4166-AF7D-E38A84C9DFA4}.Release|Any CPU.ActiveCfg = Release|Any CPU
		{B96C8FAC-2A82-4166-AF7D-E38A84C9DFA4}.Release|Any CPU.Build.0 = Release|Any CPU
		{2D4C8914-DF1A-4073-A54C-AFCAA2014F2C}.Debug|Any CPU.ActiveCfg = Debug|Any CPU
		{2D4C8914-DF1A-4073-A54C-AFCAA2014F2C}.Debug|Any CPU.Build.0 = Debug|Any CPU
		{2D4C8914-DF1A-4073-A54C-AFCAA2014F2C}.Release|Any CPU.ActiveCfg = Release|Any CPU
		{2D4C8914-DF1A-4073-A54C-AFCAA2014F2C}.Release|Any CPU.Build.0 = Release|Any CPU
		{FA004BF3-DD9C-4D92-A0BA-73313FADBC89}.Debug|Any CPU.ActiveCfg = Debug|Any CPU
		{FA004BF3-DD9C-4D92-A0BA-73313FADBC89}.Debug|Any CPU.Build.0 = Debug|Any CPU
		{FA004BF3-DD9C-4D92-A0BA-73313FADBC89}.Release|Any CPU.ActiveCfg = Release|Any CPU
		{FA004BF3-DD9C-4D92-A0BA-73313FADBC89}.Release|Any CPU.Build.0 = Release|Any CPU
		{2058C2E1-9DD7-423F-9FA2-69BFF3FE6C1E}.Debug|Any CPU.ActiveCfg = Debug|Any CPU
		{2058C2E1-9DD7-423F-9FA2-69BFF3FE6C1E}.Debug|Any CPU.Build.0 = Debug|Any CPU
		{2058C2E1-9DD7-423F-9FA2-69BFF3FE6C1E}.Release|Any CPU.ActiveCfg = Release|Any CPU
		{2058C2E1-9DD7-423F-9FA2-69BFF3FE6C1E}.Release|Any CPU.Build.0 = Release|Any CPU
		{7AAED7CB-76D6-4101-97D4-A2922F0BBA52}.Debug|Any CPU.ActiveCfg = Debug|Any CPU
		{7AAED7CB-76D6-4101-97D4-A2922F0BBA52}.Debug|Any CPU.Build.0 = Debug|Any CPU
		{7AAED7CB-76D6-4101-97D4-A2922F0BBA52}.Release|Any CPU.ActiveCfg = Release|Any CPU
		{7AAED7CB-76D6-4101-97D4-A2922F0BBA52}.Release|Any CPU.Build.0 = Release|Any CPU
		{BCF0FBA2-5668-44DA-A3F8-775869C8DB9B}.Debug|Any CPU.ActiveCfg = Debug|Any CPU
		{BCF0FBA2-5668-44DA-A3F8-775869C8DB9B}.Debug|Any CPU.Build.0 = Debug|Any CPU
		{BCF0FBA2-5668-44DA-A3F8-775869C8DB9B}.Release|Any CPU.ActiveCfg = Release|Any CPU
		{BCF0FBA2-5668-44DA-A3F8-775869C8DB9B}.Release|Any CPU.Build.0 = Release|Any CPU
		{9105657A-EE5A-401D-AA55-014B6FD1BE9A}.Debug|Any CPU.ActiveCfg = Debug|Any CPU
		{9105657A-EE5A-401D-AA55-014B6FD1BE9A}.Debug|Any CPU.Build.0 = Debug|Any CPU
		{9105657A-EE5A-401D-AA55-014B6FD1BE9A}.Release|Any CPU.ActiveCfg = Release|Any CPU
		{9105657A-EE5A-401D-AA55-014B6FD1BE9A}.Release|Any CPU.Build.0 = Release|Any CPU
	EndGlobalSection
	GlobalSection(SolutionProperties) = preSolution
		HideSolutionNode = FALSE
	EndGlobalSection
	GlobalSection(ExtensibilityGlobals) = postSolution
		SolutionGuid = {5C2D8E1A-7532-4FA2-99E7-AEB84A15B967}
	EndGlobalSection
EndGlobal
