
Microsoft Visual Studio Solution File, Format Version 12.00
# Visual Studio Version 16
VisualStudioVersion = 16.0.30804.86
MinimumVisualStudioVersion = 10.0.40219.1
Project("{FAE04EC0-301F-11D3-BF4B-00C04F79EFBC}") = "SistemaCadastro", "SistemaCadastro\SistemaCadastro.csproj", "{4B603EE6-6B55-4397-9EB6-5BCA17581D69}"
EndProject
Global
	GlobalSection(SolutionConfigurationPlatforms) = preSolution
		Debug|Any CPU = Debug|Any CPU
		Release|Any CPU = Release|Any CPU
	EndGlobalSection
	GlobalSection(ProjectConfigurationPlatforms) = postSolution
		{4B603EE6-6B55-4397-9EB6-5BCA17581D69}.Debug|Any CPU.ActiveCfg = Debug|Any CPU
		{4B603EE6-6B55-4397-9EB6-5BCA17581D69}.Debug|Any CPU.Build.0 = Debug|Any CPU
		{4B603EE6-6B55-4397-9EB6-5BCA17581D69}.Release|Any CPU.ActiveCfg = Release|Any CPU
		{4B603EE6-6B55-4397-9EB6-5BCA17581D69}.Release|Any CPU.Build.0 = Release|Any CPU
	EndGlobalSection
	GlobalSection(SolutionProperties) = preSolution
		HideSolutionNode = FALSE
	EndGlobalSection
	GlobalSection(ExtensibilityGlobals) = postSolution
		SolutionGuid = {A4FCDC92-D471-4EB7-B43C-1C6D67E24771}
	EndGlobalSection
EndGlobal
