
Microsoft Visual Studio Solution File, Format Version 12.00
# Visual Studio Version 16
VisualStudioVersion = 16.0.30804.86
MinimumVisualStudioVersion = 10.0.40219.1
Project("{FAE04EC0-301F-11D3-BF4B-00C04F79EFBC}") = "TesteBanco", "TesteBanco\TesteBanco.csproj", "{67CDF643-A6C7-463A-95CC-99C4E9021126}"
EndProject
Global
	GlobalSection(SolutionConfigurationPlatforms) = preSolution
		Debug|Any CPU = Debug|Any CPU
		Release|Any CPU = Release|Any CPU
	EndGlobalSection
	GlobalSection(ProjectConfigurationPlatforms) = postSolution
		{67CDF643-A6C7-463A-95CC-99C4E9021126}.Debug|Any CPU.ActiveCfg = Debug|Any CPU
		{67CDF643-A6C7-463A-95CC-99C4E9021126}.Debug|Any CPU.Build.0 = Debug|Any CPU
		{67CDF643-A6C7-463A-95CC-99C4E9021126}.Release|Any CPU.ActiveCfg = Release|Any CPU
		{67CDF643-A6C7-463A-95CC-99C4E9021126}.Release|Any CPU.Build.0 = Release|Any CPU
	EndGlobalSection
	GlobalSection(SolutionProperties) = preSolution
		HideSolutionNode = FALSE
	EndGlobalSection
	GlobalSection(ExtensibilityGlobals) = postSolution
		SolutionGuid = {97A48EB2-E8BC-4781-A1B8-6899B1982EC2}
	EndGlobalSection
EndGlobal
