
Microsoft Visual Studio Solution File, Format Version 12.00
# Visual Studio Version 16
VisualStudioVersion = 16.0.31205.134
MinimumVisualStudioVersion = 10.0.40219.1
Project("{FAE04EC0-301F-11D3-BF4B-00C04F79EFBC}") = "ManipulacaoArquivos", "ManipulacaoArquivos\ManipulacaoArquivos.csproj", "{A40B3AB9-67B4-468D-BDB7-479C659F059F}"
EndProject
Global
	GlobalSection(SolutionConfigurationPlatforms) = preSolution
		Debug|Any CPU = Debug|Any CPU
		Release|Any CPU = Release|Any CPU
	EndGlobalSection
	GlobalSection(ProjectConfigurationPlatforms) = postSolution
		{A40B3AB9-67B4-468D-BDB7-479C659F059F}.Debug|Any CPU.ActiveCfg = Debug|Any CPU
		{A40B3AB9-67B4-468D-BDB7-479C659F059F}.Debug|Any CPU.Build.0 = Debug|Any CPU
		{A40B3AB9-67B4-468D-BDB7-479C659F059F}.Release|Any CPU.ActiveCfg = Release|Any CPU
		{A40B3AB9-67B4-468D-BDB7-479C659F059F}.Release|Any CPU.Build.0 = Release|Any CPU
	EndGlobalSection
	GlobalSection(SolutionProperties) = preSolution
		HideSolutionNode = FALSE
	EndGlobalSection
	GlobalSection(ExtensibilityGlobals) = postSolution
		SolutionGuid = {678EE4E0-62B2-426E-8D1D-37DC91737458}
	EndGlobalSection
EndGlobal
