
Microsoft Visual Studio Solution File, Format Version 12.00
# Visual Studio Version 16
VisualStudioVersion = 16.0.30804.86
MinimumVisualStudioVersion = 10.0.40219.1
Project("{FAE04EC0-301F-11D3-BF4B-00C04F79EFBC}") = "ConexaoBD", "ConexaoBD\ConexaoBD.csproj", "{0BE7A946-63CD-4333-B889-FD43D1A28789}"
EndProject
Global
	GlobalSection(SolutionConfigurationPlatforms) = preSolution
		Debug|Any CPU = Debug|Any CPU
		Release|Any CPU = Release|Any CPU
	EndGlobalSection
	GlobalSection(ProjectConfigurationPlatforms) = postSolution
		{0BE7A946-63CD-4333-B889-FD43D1A28789}.Debug|Any CPU.ActiveCfg = Debug|Any CPU
		{0BE7A946-63CD-4333-B889-FD43D1A28789}.Debug|Any CPU.Build.0 = Debug|Any CPU
		{0BE7A946-63CD-4333-B889-FD43D1A28789}.Release|Any CPU.ActiveCfg = Release|Any CPU
		{0BE7A946-63CD-4333-B889-FD43D1A28789}.Release|Any CPU.Build.0 = Release|Any CPU
	EndGlobalSection
	GlobalSection(SolutionProperties) = preSolution
		HideSolutionNode = FALSE
	EndGlobalSection
	GlobalSection(ExtensibilityGlobals) = postSolution
		SolutionGuid = {61B5E4B1-993C-4E56-8BD5-80E9AA95AC4D}
	EndGlobalSection
EndGlobal
