
Microsoft Visual Studio Solution File, Format Version 12.00
# Visual Studio Version 16
VisualStudioVersion = 16.0.31129.286
MinimumVisualStudioVersion = 10.0.40219.1
Project("{FAE04EC0-301F-11D3-BF4B-00C04F79EFBC}") = "ListViewExportToExcel", "ListViewExportToExcel\ListViewExportToExcel.csproj", "{786A3AAE-20C2-428C-8545-D7CF267421DF}"
EndProject
Global
	GlobalSection(SolutionConfigurationPlatforms) = preSolution
		Debug|Any CPU = Debug|Any CPU
		Release|Any CPU = Release|Any CPU
	EndGlobalSection
	GlobalSection(ProjectConfigurationPlatforms) = postSolution
		{786A3AAE-20C2-428C-8545-D7CF267421DF}.Debug|Any CPU.ActiveCfg = Debug|Any CPU
		{786A3AAE-20C2-428C-8545-D7CF267421DF}.Debug|Any CPU.Build.0 = Debug|Any CPU
		{786A3AAE-20C2-428C-8545-D7CF267421DF}.Release|Any CPU.ActiveCfg = Release|Any CPU
		{786A3AAE-20C2-428C-8545-D7CF267421DF}.Release|Any CPU.Build.0 = Release|Any CPU
	EndGlobalSection
	GlobalSection(SolutionProperties) = preSolution
		HideSolutionNode = FALSE
	EndGlobalSection
	GlobalSection(ExtensibilityGlobals) = postSolution
		SolutionGuid = {8DFA2465-03CA-432B-9FAB-7093C53CE0C5}
	EndGlobalSection
EndGlobal
