
Microsoft Visual Studio Solution File, Format Version 12.00
# Visual Studio Version 16
VisualStudioVersion = 16.0.30907.101
MinimumVisualStudioVersion = 10.0.40219.1
Project("{FAE04EC0-301F-11D3-BF4B-00C04F79EFBC}") = "ControleDeErros", "ControleDeErros\ControleDeErros.csproj", "{42EA830C-B231-43C4-9976-0AC2DB787E13}"
EndProject
Global
	GlobalSection(SolutionConfigurationPlatforms) = preSolution
		Debug|Any CPU = Debug|Any CPU
		Release|Any CPU = Release|Any CPU
	EndGlobalSection
	GlobalSection(ProjectConfigurationPlatforms) = postSolution
		{42EA830C-B231-43C4-9976-0AC2DB787E13}.Debug|Any CPU.ActiveCfg = Debug|Any CPU
		{42EA830C-B231-43C4-9976-0AC2DB787E13}.Debug|Any CPU.Build.0 = Debug|Any CPU
		{42EA830C-B231-43C4-9976-0AC2DB787E13}.Release|Any CPU.ActiveCfg = Release|Any CPU
		{42EA830C-B231-43C4-9976-0AC2DB787E13}.Release|Any CPU.Build.0 = Release|Any CPU
	EndGlobalSection
	GlobalSection(SolutionProperties) = preSolution
		HideSolutionNode = FALSE
	EndGlobalSection
	GlobalSection(ExtensibilityGlobals) = postSolution
		SolutionGuid = {F741A16D-5997-4351-A999-49570CDE6430}
	EndGlobalSection
EndGlobal
