
Microsoft Visual Studio Solution File, Format Version 12.00
# Visual Studio Version 16
VisualStudioVersion = 16.0.30804.86
MinimumVisualStudioVersion = 10.0.40219.1
Project("{FAE04EC0-301F-11D3-BF4B-00C04F79EFBC}") = "ConversorTemperaturas", "ConversorTemperaturas\ConversorTemperaturas.csproj", "{8A371963-6F53-4CB1-B1EF-E646B23A8DE4}"
EndProject
Global
	GlobalSection(SolutionConfigurationPlatforms) = preSolution
		Debug|Any CPU = Debug|Any CPU
		Release|Any CPU = Release|Any CPU
	EndGlobalSection
	GlobalSection(ProjectConfigurationPlatforms) = postSolution
		{8A371963-6F53-4CB1-B1EF-E646B23A8DE4}.Debug|Any CPU.ActiveCfg = Debug|Any CPU
		{8A371963-6F53-4CB1-B1EF-E646B23A8DE4}.Debug|Any CPU.Build.0 = Debug|Any CPU
		{8A371963-6F53-4CB1-B1EF-E646B23A8DE4}.Release|Any CPU.ActiveCfg = Release|Any CPU
		{8A371963-6F53-4CB1-B1EF-E646B23A8DE4}.Release|Any CPU.Build.0 = Release|Any CPU
	EndGlobalSection
	GlobalSection(SolutionProperties) = preSolution
		HideSolutionNode = FALSE
	EndGlobalSection
	GlobalSection(ExtensibilityGlobals) = postSolution
		SolutionGuid = {177D2F7A-736F-4A87-937C-54DEF9EDD11E}
	EndGlobalSection
EndGlobal
