
Microsoft Visual Studio Solution File, Format Version 12.00
# Visual Studio Version 16
VisualStudioVersion = 16.0.31229.75
MinimumVisualStudioVersion = 10.0.40219.1
Project("{FAE04EC0-301F-11D3-BF4B-00C04F79EFBC}") = "Thread_1", "Thread_1\Thread_1.csproj", "{E336249F-C927-48F0-BD16-11E1A95D48FD}"
EndProject
Global
	GlobalSection(SolutionConfigurationPlatforms) = preSolution
		Debug|Any CPU = Debug|Any CPU
		Release|Any CPU = Release|Any CPU
	EndGlobalSection
	GlobalSection(ProjectConfigurationPlatforms) = postSolution
		{E336249F-C927-48F0-BD16-11E1A95D48FD}.Debug|Any CPU.ActiveCfg = Debug|Any CPU
		{E336249F-C927-48F0-BD16-11E1A95D48FD}.Debug|Any CPU.Build.0 = Debug|Any CPU
		{E336249F-C927-48F0-BD16-11E1A95D48FD}.Release|Any CPU.ActiveCfg = Release|Any CPU
		{E336249F-C927-48F0-BD16-11E1A95D48FD}.Release|Any CPU.Build.0 = Release|Any CPU
	EndGlobalSection
	GlobalSection(SolutionProperties) = preSolution
		HideSolutionNode = FALSE
	EndGlobalSection
	GlobalSection(ExtensibilityGlobals) = postSolution
		SolutionGuid = {12786B5F-519C-42CF-8CAB-DF0A62391A70}
	EndGlobalSection
EndGlobal
