
Microsoft Visual Studio Solution File, Format Version 12.00
# Visual Studio Version 16
VisualStudioVersion = 16.0.30804.86
MinimumVisualStudioVersion = 10.0.40219.1
Project("{FAE04EC0-301F-11D3-BF4B-00C04F79EFBC}") = "WindowsFormsApp1", "WindowsFormsApp1\WindowsFormsApp1.csproj", "{DA3DB5A0-40A9-4506-9464-FF5186A2D600}"
EndProject
Global
	GlobalSection(SolutionConfigurationPlatforms) = preSolution
		Debug|Any CPU = Debug|Any CPU
		Release|Any CPU = Release|Any CPU
	EndGlobalSection
	GlobalSection(ProjectConfigurationPlatforms) = postSolution
		{DA3DB5A0-40A9-4506-9464-FF5186A2D600}.Debug|Any CPU.ActiveCfg = Debug|Any CPU
		{DA3DB5A0-40A9-4506-9464-FF5186A2D600}.Debug|Any CPU.Build.0 = Debug|Any CPU
		{DA3DB5A0-40A9-4506-9464-FF5186A2D600}.Release|Any CPU.ActiveCfg = Release|Any CPU
		{DA3DB5A0-40A9-4506-9464-FF5186A2D600}.Release|Any CPU.Build.0 = Release|Any CPU
	EndGlobalSection
	GlobalSection(SolutionProperties) = preSolution
		HideSolutionNode = FALSE
	EndGlobalSection
	GlobalSection(ExtensibilityGlobals) = postSolution
		SolutionGuid = {6AF9A57C-B12B-4054-82C1-4594E6057ADE}
	EndGlobalSection
EndGlobal
