
Microsoft Visual Studio Solution File, Format Version 12.00
# Visual Studio Version 16
VisualStudioVersion = 16.0.31205.134
MinimumVisualStudioVersion = 10.0.40219.1
Project("{FAE04EC0-301F-11D3-BF4B-00C04F79EFBC}") = "Linq", "Linq.csproj", "{2215CC7A-F0CE-4C24-9760-DB44CA0E1B49}"
EndProject
Global
	GlobalSection(SolutionConfigurationPlatforms) = preSolution
		Debug|Any CPU = Debug|Any CPU
		Release|Any CPU = Release|Any CPU
	EndGlobalSection
	GlobalSection(ProjectConfigurationPlatforms) = postSolution
		{2215CC7A-F0CE-4C24-9760-DB44CA0E1B49}.Debug|Any CPU.ActiveCfg = Debug|Any CPU
		{2215CC7A-F0CE-4C24-9760-DB44CA0E1B49}.Debug|Any CPU.Build.0 = Debug|Any CPU
		{2215CC7A-F0CE-4C24-9760-DB44CA0E1B49}.Release|Any CPU.ActiveCfg = Release|Any CPU
		{2215CC7A-F0CE-4C24-9760-DB44CA0E1B49}.Release|Any CPU.Build.0 = Release|Any CPU
	EndGlobalSection
	GlobalSection(SolutionProperties) = preSolution
		HideSolutionNode = FALSE
	EndGlobalSection
	GlobalSection(ExtensibilityGlobals) = postSolution
		SolutionGuid = {B6030EE1-6595-47D4-8694-A47709429839}
	EndGlobalSection
EndGlobal
