
Microsoft Visual Studio Solution File, Format Version 12.00
# Visual Studio Version 16
VisualStudioVersion = 16.0.30907.101
MinimumVisualStudioVersion = 10.0.40219.1
Project("{FAE04EC0-301F-11D3-BF4B-00C04F79EFBC}") = "Demo_FluentMail", "Demo_FluentMail\Demo_FluentMail.csproj", "{6AE4A0CA-9561-4559-9A97-E779F710C8C2}"
EndProject
Global
	GlobalSection(SolutionConfigurationPlatforms) = preSolution
		Debug|Any CPU = Debug|Any CPU
		Release|Any CPU = Release|Any CPU
	EndGlobalSection
	GlobalSection(ProjectConfigurationPlatforms) = postSolution
		{6AE4A0CA-9561-4559-9A97-E779F710C8C2}.Debug|Any CPU.ActiveCfg = Debug|Any CPU
		{6AE4A0CA-9561-4559-9A97-E779F710C8C2}.Debug|Any CPU.Build.0 = Debug|Any CPU
		{6AE4A0CA-9561-4559-9A97-E779F710C8C2}.Release|Any CPU.ActiveCfg = Release|Any CPU
		{6AE4A0CA-9561-4559-9A97-E779F710C8C2}.Release|Any CPU.Build.0 = Release|Any CPU
	EndGlobalSection
	GlobalSection(SolutionProperties) = preSolution
		HideSolutionNode = FALSE
	EndGlobalSection
	GlobalSection(ExtensibilityGlobals) = postSolution
		SolutionGuid = {311E0235-E879-4609-941F-CBA00D37BDB1}
	EndGlobalSection
EndGlobal
