
Microsoft Visual Studio Solution File, Format Version 12.00
# Visual Studio Version 16
VisualStudioVersion = 16.0.30804.86
MinimumVisualStudioVersion = 10.0.40219.1
Project("{FAE04EC0-301F-11D3-BF4B-00C04F79EFBC}") = "InverterNomes", "InverterNomes\InverterNomes.csproj", "{79043E5F-1DDE-4E29-961C-B03D2E0DB44F}"
EndProject
Global
	GlobalSection(SolutionConfigurationPlatforms) = preSolution
		Debug|Any CPU = Debug|Any CPU
		Release|Any CPU = Release|Any CPU
	EndGlobalSection
	GlobalSection(ProjectConfigurationPlatforms) = postSolution
		{79043E5F-1DDE-4E29-961C-B03D2E0DB44F}.Debug|Any CPU.ActiveCfg = Debug|Any CPU
		{79043E5F-1DDE-4E29-961C-B03D2E0DB44F}.Debug|Any CPU.Build.0 = Debug|Any CPU
		{79043E5F-1DDE-4E29-961C-B03D2E0DB44F}.Release|Any CPU.ActiveCfg = Release|Any CPU
		{79043E5F-1DDE-4E29-961C-B03D2E0DB44F}.Release|Any CPU.Build.0 = Release|Any CPU
	EndGlobalSection
	GlobalSection(SolutionProperties) = preSolution
		HideSolutionNode = FALSE
	EndGlobalSection
	GlobalSection(ExtensibilityGlobals) = postSolution
		SolutionGuid = {D3E0AE11-4951-43D7-9F52-D46A304E509A}
	EndGlobalSection
EndGlobal
