
Microsoft Visual Studio Solution File, Format Version 12.00
# Visual Studio Version 16
VisualStudioVersion = 16.0.30907.101
MinimumVisualStudioVersion = 10.0.40219.1
Project("{FAE04EC0-301F-11D3-BF4B-00C04F79EFBC}") = "FormsDetalhes", "FormsDetalhes\FormsDetalhes.csproj", "{8DE77B12-4C9B-49FB-BC4C-FDE5E8EC8FE6}"
EndProject
Project("{FAE04EC0-301F-11D3-BF4B-00C04F79EFBC}") = "FormControl", "FormControl\FormControl.csproj", "{FCE6BFA5-BB25-45E7-AA5C-17E32236B72D}"
EndProject
Global
	GlobalSection(SolutionConfigurationPlatforms) = preSolution
		Debug|Any CPU = Debug|Any CPU
		Release|Any CPU = Release|Any CPU
	EndGlobalSection
	GlobalSection(ProjectConfigurationPlatforms) = postSolution
		{8DE77B12-4C9B-49FB-BC4C-FDE5E8EC8FE6}.Debug|Any CPU.ActiveCfg = Debug|Any CPU
		{8DE77B12-4C9B-49FB-BC4C-FDE5E8EC8FE6}.Debug|Any CPU.Build.0 = Debug|Any CPU
		{8DE77B12-4C9B-49FB-BC4C-FDE5E8EC8FE6}.Release|Any CPU.ActiveCfg = Release|Any CPU
		{8DE77B12-4C9B-49FB-BC4C-FDE5E8EC8FE6}.Release|Any CPU.Build.0 = Release|Any CPU
		{FCE6BFA5-BB25-45E7-AA5C-17E32236B72D}.Debug|Any CPU.ActiveCfg = Debug|Any CPU
		{FCE6BFA5-BB25-45E7-AA5C-17E32236B72D}.Debug|Any CPU.Build.0 = Debug|Any CPU
		{FCE6BFA5-BB25-45E7-AA5C-17E32236B72D}.Release|Any CPU.ActiveCfg = Release|Any CPU
		{FCE6BFA5-BB25-45E7-AA5C-17E32236B72D}.Release|Any CPU.Build.0 = Release|Any CPU
	EndGlobalSection
	GlobalSection(SolutionProperties) = preSolution
		HideSolutionNode = FALSE
	EndGlobalSection
	GlobalSection(ExtensibilityGlobals) = postSolution
		SolutionGuid = {C6D25155-3309-4B2F-94A4-F454B8247532}
	EndGlobalSection
EndGlobal
