
Microsoft Visual Studio Solution File, Format Version 12.00
# Visual Studio Version 16
VisualStudioVersion = 16.0.30804.86
MinimumVisualStudioVersion = 10.0.40219.1
Project("{FAE04EC0-301F-11D3-BF4B-00C04F79EFBC}") = "Controle", "Controle\Controle.csproj", "{29199579-21E8-42CC-B289-5A1CD9D57ACC}"
EndProject
Global
	GlobalSection(SolutionConfigurationPlatforms) = preSolution
		Debug|Any CPU = Debug|Any CPU
		Release|Any CPU = Release|Any CPU
	EndGlobalSection
	GlobalSection(ProjectConfigurationPlatforms) = postSolution
		{29199579-21E8-42CC-B289-5A1CD9D57ACC}.Debug|Any CPU.ActiveCfg = Debug|Any CPU
		{29199579-21E8-42CC-B289-5A1CD9D57ACC}.Debug|Any CPU.Build.0 = Debug|Any CPU
		{29199579-21E8-42CC-B289-5A1CD9D57ACC}.Release|Any CPU.ActiveCfg = Release|Any CPU
		{29199579-21E8-42CC-B289-5A1CD9D57ACC}.Release|Any CPU.Build.0 = Release|Any CPU
	EndGlobalSection
	GlobalSection(SolutionProperties) = preSolution
		HideSolutionNode = FALSE
	EndGlobalSection
	GlobalSection(ExtensibilityGlobals) = postSolution
		SolutionGuid = {051B4C57-DBA8-4F2F-8542-471C8CAFDE71}
	EndGlobalSection
EndGlobal
